
Microsoft Visual Studio Solution File, Format Version 12.00
# Visual Studio Version 16
VisualStudioVersion = 25.0.1700.0
MinimumVisualStudioVersion = 10.0.40219.1
Project("{2150E333-8FDC-42A3-9474-1A3956D46DE8}") = "src", "src", "{EB64E378-607E-4799-8756-AB66701F9C80}"
EndProject
Project("{2150E333-8FDC-42A3-9474-1A3956D46DE8}") = "test", "test", "{DB0D5F78-3B34-470C-B172-DE728528705F}"
EndProject
Project("{FAE04EC0-301F-11D3-BF4B-00C04F79EFBC}") = "Entities", "src\Entities\Entities.csproj", "{208CBC27-9870-4BA7-9816-19642B639944}"
EndProject
Project("{FAE04EC0-301F-11D3-BF4B-00C04F79EFBC}") = "DataAccessLayer", "src\DataAccessLayer\DataAccessLayer.csproj", "{C8A9D8D4-CB5C-449A-B87E-C222E053FC4B}"
EndProject
Project("{FAE04EC0-301F-11D3-BF4B-00C04F79EFBC}") = "Business", "src\Business\Business.csproj", "{BEF855B5-60E5-4BA6-9DB2-5F2430AE3CD7}"
EndProject
Project("{FAE04EC0-301F-11D3-BF4B-00C04F79EFBC}") = "XunitTestProject", "test\XunitTestProject\XunitTestProject.csproj", "{00ABD13E-21BE-457E-AB0E-01ED65BEA308}"
EndProject
Global
	GlobalSection(SolutionConfigurationPlatforms) = preSolution
		Debug|Any CPU = Debug|Any CPU
		Release|Any CPU = Release|Any CPU
	EndGlobalSection
	GlobalSection(ProjectConfigurationPlatforms) = postSolution
		{208CBC27-9870-4BA7-9816-19642B639944}.Debug|Any CPU.ActiveCfg = Debug|Any CPU
		{208CBC27-9870-4BA7-9816-19642B639944}.Debug|Any CPU.Build.0 = Debug|Any CPU
		{208CBC27-9870-4BA7-9816-19642B639944}.Release|Any CPU.ActiveCfg = Release|Any CPU
		{208CBC27-9870-4BA7-9816-19642B639944}.Release|Any CPU.Build.0 = Release|Any CPU
		{C8A9D8D4-CB5C-449A-B87E-C222E053FC4B}.Debug|Any CPU.ActiveCfg = Debug|Any CPU
		{C8A9D8D4-CB5C-449A-B87E-C222E053FC4B}.Debug|Any CPU.Build.0 = Debug|Any CPU
		{C8A9D8D4-CB5C-449A-B87E-C222E053FC4B}.Release|Any CPU.ActiveCfg = Release|Any CPU
		{C8A9D8D4-CB5C-449A-B87E-C222E053FC4B}.Release|Any CPU.Build.0 = Release|Any CPU
		{BEF855B5-60E5-4BA6-9DB2-5F2430AE3CD7}.Debug|Any CPU.ActiveCfg = Debug|Any CPU
		{BEF855B5-60E5-4BA6-9DB2-5F2430AE3CD7}.Debug|Any CPU.Build.0 = Debug|Any CPU
		{BEF855B5-60E5-4BA6-9DB2-5F2430AE3CD7}.Release|Any CPU.ActiveCfg = Release|Any CPU
		{BEF855B5-60E5-4BA6-9DB2-5F2430AE3CD7}.Release|Any CPU.Build.0 = Release|Any CPU
		{00ABD13E-21BE-457E-AB0E-01ED65BEA308}.Debug|Any CPU.ActiveCfg = Debug|Any CPU
		{00ABD13E-21BE-457E-AB0E-01ED65BEA308}.Debug|Any CPU.Build.0 = Debug|Any CPU
		{00ABD13E-21BE-457E-AB0E-01ED65BEA308}.Release|Any CPU.ActiveCfg = Release|Any CPU
		{00ABD13E-21BE-457E-AB0E-01ED65BEA308}.Release|Any CPU.Build.0 = Release|Any CPU
	EndGlobalSection
	GlobalSection(SolutionProperties) = preSolution
		HideSolutionNode = FALSE
	EndGlobalSection
	GlobalSection(ExtensibilityGlobals) = postSolution
		SolutionGuid = {1FEA6876-1030-4F47-823E-5D46C973D3C6}
	EndGlobalSection
	GlobalSection(NestedProjects) = preSolution
		{208CBC27-9870-4BA7-9816-19642B639944} = {EB64E378-607E-4799-8756-AB66701F9C80}
		{C8A9D8D4-CB5C-449A-B87E-C222E053FC4B} = {EB64E378-607E-4799-8756-AB66701F9C80}
		{BEF855B5-60E5-4BA6-9DB2-5F2430AE3CD7} = {EB64E378-607E-4799-8756-AB66701F9C80}
		{00ABD13E-21BE-457E-AB0E-01ED65BEA308} = {DB0D5F78-3B34-470C-B172-DE728528705F}
	EndGlobalSection
EndGlobal
